
Microsoft Visual Studio Solution File, Format Version 12.00
# Visual Studio Version 17
VisualStudioVersion = 17.2.32526.322
MinimumVisualStudioVersion = 10.0.40219.1
Project("{FAE04EC0-301F-11D3-BF4B-00C04F79EFBC}") = "OláMundo", "OláMundo\OláMundo.csproj", "{947D693C-1913-46A0-8070-CEA83149576D}"
EndProject
Project("{FAE04EC0-301F-11D3-BF4B-00C04F79EFBC}") = "Primeiro programa no padrão", "Primeiro programa no padrão\Primeiro programa no padrão.csproj", "{3DF4457B-664A-4A4A-974D-F224ABA3DA90}"
EndProject
Project("{FAE04EC0-301F-11D3-BF4B-00C04F79EFBC}") = "Variáveis", "Variáveis\Variáveis.csproj", "{0C6668F9-57C4-47A8-8E16-3ECD64B516DC}"
EndProject
<<<<<<< HEAD
Project("{FAE04EC0-301F-11D3-BF4B-00C04F79EFBC}") = "Escopo de variáveis", "Escopo de variáveis\Escopo de variáveis.csproj", "{19710067-9B99-47D9-BF59-7C0C80444F17}"
EndProject
Project("{FAE04EC0-301F-11D3-BF4B-00C04F79EFBC}") = "Operadores e Operações", "Operadores e Operações\Operadores e Operações.csproj", "{5F794055-2396-4D1C-8253-AFEA745CE69D}"
EndProject
Project("{FAE04EC0-301F-11D3-BF4B-00C04F79EFBC}") = "Formatando a saída no console", "Formatando a saída no console\Formatando a saída no console.csproj", "{BE622A3F-20C0-480D-8D40-004D367F0EBD}"
EndProject
Project("{FAE04EC0-301F-11D3-BF4B-00C04F79EFBC}") = "Constantes", "Constantes\Constantes.csproj", "{31C2233B-1971-42CC-A83B-9F52DEEE9436}"
EndProject
<<<<<<< HEAD
<<<<<<< HEAD
Project("{FAE04EC0-301F-11D3-BF4B-00C04F79EFBC}") = "Lendo valores do teclado", "Lendo valores do teclado\Lendo valores do teclado.csproj", "{96019025-32E6-4A02-8BB3-8B09FCD9E1E5}"
EndProject
Project("{FAE04EC0-301F-11D3-BF4B-00C04F79EFBC}") = "Operações de Bitwise", "Operações de Bitwise\Operações de Bitwise.csproj", "{3E55697F-D2E0-4512-BE0E-61299A9FBA5D}"
EndProject
Project("{FAE04EC0-301F-11D3-BF4B-00C04F79EFBC}") = "Enumeradores", "Enumeradores\Enumeradores.csproj", "{C2D97F91-17FA-4586-B01C-50E647771370}"
EndProject
Project("{FAE04EC0-301F-11D3-BF4B-00C04F79EFBC}") = "Conversões de tipos (typecast)", "Conversões de tipos (typecast)\Conversões de tipos (typecast).csproj", "{9AC52D54-5A56-441C-AE8F-9005AE3B7A96}"
EndProject
Project("{FAE04EC0-301F-11D3-BF4B-00C04F79EFBC}") = "Comando condicional IF", "Comando condicional IF\Comando condicional IF.csproj", "{684E95CC-5BB0-4B8C-BEAC-4242FF72D462}"
EndProject
Project("{FAE04EC0-301F-11D3-BF4B-00C04F79EFBC}") = "Condicional IF-ELSE", "Condicional IF-ELSE\Condicional IF-ELSE.csproj", "{E512214E-E94D-48C5-8D6A-DA9189B42E58}"
EndProject
=======
>>>>>>> parent of 4ebf13d (Atualização aulas constantes, operadores,)
=======
>>>>>>> parent of 253afe3 (Atualização aulas 9,10,11,12)
=======
>>>>>>> parent of 253afe3 (Atualização aulas 9,10,11,12)
Global
	GlobalSection(SolutionConfigurationPlatforms) = preSolution
		Debug|Any CPU = Debug|Any CPU
		Release|Any CPU = Release|Any CPU
	EndGlobalSection
	GlobalSection(ProjectConfigurationPlatforms) = postSolution
		{947D693C-1913-46A0-8070-CEA83149576D}.Debug|Any CPU.ActiveCfg = Debug|Any CPU
		{947D693C-1913-46A0-8070-CEA83149576D}.Debug|Any CPU.Build.0 = Debug|Any CPU
		{947D693C-1913-46A0-8070-CEA83149576D}.Release|Any CPU.ActiveCfg = Release|Any CPU
		{947D693C-1913-46A0-8070-CEA83149576D}.Release|Any CPU.Build.0 = Release|Any CPU
		{3DF4457B-664A-4A4A-974D-F224ABA3DA90}.Debug|Any CPU.ActiveCfg = Debug|Any CPU
		{3DF4457B-664A-4A4A-974D-F224ABA3DA90}.Debug|Any CPU.Build.0 = Debug|Any CPU
		{3DF4457B-664A-4A4A-974D-F224ABA3DA90}.Release|Any CPU.ActiveCfg = Release|Any CPU
		{3DF4457B-664A-4A4A-974D-F224ABA3DA90}.Release|Any CPU.Build.0 = Release|Any CPU
		{0C6668F9-57C4-47A8-8E16-3ECD64B516DC}.Debug|Any CPU.ActiveCfg = Debug|Any CPU
		{0C6668F9-57C4-47A8-8E16-3ECD64B516DC}.Debug|Any CPU.Build.0 = Debug|Any CPU
		{0C6668F9-57C4-47A8-8E16-3ECD64B516DC}.Release|Any CPU.ActiveCfg = Release|Any CPU
		{0C6668F9-57C4-47A8-8E16-3ECD64B516DC}.Release|Any CPU.Build.0 = Release|Any CPU
<<<<<<< HEAD
		{19710067-9B99-47D9-BF59-7C0C80444F17}.Debug|Any CPU.ActiveCfg = Debug|Any CPU
		{19710067-9B99-47D9-BF59-7C0C80444F17}.Debug|Any CPU.Build.0 = Debug|Any CPU
		{19710067-9B99-47D9-BF59-7C0C80444F17}.Release|Any CPU.ActiveCfg = Release|Any CPU
		{19710067-9B99-47D9-BF59-7C0C80444F17}.Release|Any CPU.Build.0 = Release|Any CPU
		{5F794055-2396-4D1C-8253-AFEA745CE69D}.Debug|Any CPU.ActiveCfg = Debug|Any CPU
		{5F794055-2396-4D1C-8253-AFEA745CE69D}.Debug|Any CPU.Build.0 = Debug|Any CPU
		{5F794055-2396-4D1C-8253-AFEA745CE69D}.Release|Any CPU.ActiveCfg = Release|Any CPU
		{5F794055-2396-4D1C-8253-AFEA745CE69D}.Release|Any CPU.Build.0 = Release|Any CPU
		{BE622A3F-20C0-480D-8D40-004D367F0EBD}.Debug|Any CPU.ActiveCfg = Debug|Any CPU
		{BE622A3F-20C0-480D-8D40-004D367F0EBD}.Debug|Any CPU.Build.0 = Debug|Any CPU
		{BE622A3F-20C0-480D-8D40-004D367F0EBD}.Release|Any CPU.ActiveCfg = Release|Any CPU
		{BE622A3F-20C0-480D-8D40-004D367F0EBD}.Release|Any CPU.Build.0 = Release|Any CPU
		{31C2233B-1971-42CC-A83B-9F52DEEE9436}.Debug|Any CPU.ActiveCfg = Debug|Any CPU
		{31C2233B-1971-42CC-A83B-9F52DEEE9436}.Debug|Any CPU.Build.0 = Debug|Any CPU
		{31C2233B-1971-42CC-A83B-9F52DEEE9436}.Release|Any CPU.ActiveCfg = Release|Any CPU
		{31C2233B-1971-42CC-A83B-9F52DEEE9436}.Release|Any CPU.Build.0 = Release|Any CPU
<<<<<<< HEAD
<<<<<<< HEAD
		{96019025-32E6-4A02-8BB3-8B09FCD9E1E5}.Debug|Any CPU.ActiveCfg = Debug|Any CPU
		{96019025-32E6-4A02-8BB3-8B09FCD9E1E5}.Debug|Any CPU.Build.0 = Debug|Any CPU
		{96019025-32E6-4A02-8BB3-8B09FCD9E1E5}.Release|Any CPU.ActiveCfg = Release|Any CPU
		{96019025-32E6-4A02-8BB3-8B09FCD9E1E5}.Release|Any CPU.Build.0 = Release|Any CPU
		{3E55697F-D2E0-4512-BE0E-61299A9FBA5D}.Debug|Any CPU.ActiveCfg = Debug|Any CPU
		{3E55697F-D2E0-4512-BE0E-61299A9FBA5D}.Debug|Any CPU.Build.0 = Debug|Any CPU
		{3E55697F-D2E0-4512-BE0E-61299A9FBA5D}.Release|Any CPU.ActiveCfg = Release|Any CPU
		{3E55697F-D2E0-4512-BE0E-61299A9FBA5D}.Release|Any CPU.Build.0 = Release|Any CPU
		{C2D97F91-17FA-4586-B01C-50E647771370}.Debug|Any CPU.ActiveCfg = Debug|Any CPU
		{C2D97F91-17FA-4586-B01C-50E647771370}.Debug|Any CPU.Build.0 = Debug|Any CPU
		{C2D97F91-17FA-4586-B01C-50E647771370}.Release|Any CPU.ActiveCfg = Release|Any CPU
		{C2D97F91-17FA-4586-B01C-50E647771370}.Release|Any CPU.Build.0 = Release|Any CPU
		{9AC52D54-5A56-441C-AE8F-9005AE3B7A96}.Debug|Any CPU.ActiveCfg = Debug|Any CPU
		{9AC52D54-5A56-441C-AE8F-9005AE3B7A96}.Debug|Any CPU.Build.0 = Debug|Any CPU
		{9AC52D54-5A56-441C-AE8F-9005AE3B7A96}.Release|Any CPU.ActiveCfg = Release|Any CPU
		{9AC52D54-5A56-441C-AE8F-9005AE3B7A96}.Release|Any CPU.Build.0 = Release|Any CPU
		{684E95CC-5BB0-4B8C-BEAC-4242FF72D462}.Debug|Any CPU.ActiveCfg = Debug|Any CPU
		{684E95CC-5BB0-4B8C-BEAC-4242FF72D462}.Debug|Any CPU.Build.0 = Debug|Any CPU
		{684E95CC-5BB0-4B8C-BEAC-4242FF72D462}.Release|Any CPU.ActiveCfg = Release|Any CPU
		{684E95CC-5BB0-4B8C-BEAC-4242FF72D462}.Release|Any CPU.Build.0 = Release|Any CPU
		{E512214E-E94D-48C5-8D6A-DA9189B42E58}.Debug|Any CPU.ActiveCfg = Debug|Any CPU
		{E512214E-E94D-48C5-8D6A-DA9189B42E58}.Debug|Any CPU.Build.0 = Debug|Any CPU
		{E512214E-E94D-48C5-8D6A-DA9189B42E58}.Release|Any CPU.ActiveCfg = Release|Any CPU
		{E512214E-E94D-48C5-8D6A-DA9189B42E58}.Release|Any CPU.Build.0 = Release|Any CPU
=======
>>>>>>> parent of 4ebf13d (Atualização aulas constantes, operadores,)
=======
>>>>>>> parent of 253afe3 (Atualização aulas 9,10,11,12)
=======
>>>>>>> parent of 253afe3 (Atualização aulas 9,10,11,12)
	EndGlobalSection
	GlobalSection(SolutionProperties) = preSolution
		HideSolutionNode = FALSE
	EndGlobalSection
	GlobalSection(ExtensibilityGlobals) = postSolution
		SolutionGuid = {132BA55B-DEE0-44A9-8B89-F034F33D9285}
	EndGlobalSection
EndGlobal
