
Microsoft Visual Studio Solution File, Format Version 12.00
# Visual Studio Version 17
VisualStudioVersion = 17.2.32526.322
MinimumVisualStudioVersion = 10.0.40219.1
Project("{9A19103F-16F7-4668-BE54-9A1E7A4F7556}") = "OlaMundo", "OlaMundo\OlaMundo.csproj", "{8E53EB11-CF44-4CEB-BE19-28E421C512F5}"
EndProject
Project("{9A19103F-16F7-4668-BE54-9A1E7A4F7556}") = "Variaveis", "Variaveis\Variaveis.csproj", "{22AA017D-3A60-4681-B74D-3FB180D1819D}"
EndProject
Project("{E24C65DC-7377-472B-9ABA-BC803B73C61A}") = "Eduardo Quirino", "..\..\..\..\..\", "{3969401B-3455-4015-98FF-0F1FF00AB2EC}"
	ProjectSection(WebsiteProperties) = preProject
		TargetFrameworkMoniker = ".NETFramework,Version%3Dv4.0"
		Debug.AspNetCompiler.VirtualPath = "/localhost_53875"
		Debug.AspNetCompiler.PhysicalPath = "..\..\..\..\..\..\Eduardo Quirino\"
		Debug.AspNetCompiler.TargetPath = "PrecompiledWeb\localhost_53875\"
		Debug.AspNetCompiler.Updateable = "true"
		Debug.AspNetCompiler.ForceOverwrite = "true"
		Debug.AspNetCompiler.FixedNames = "false"
		Debug.AspNetCompiler.Debug = "True"
		Release.AspNetCompiler.VirtualPath = "/localhost_53875"
		Release.AspNetCompiler.PhysicalPath = "..\..\..\..\..\..\Eduardo Quirino\"
		Release.AspNetCompiler.TargetPath = "PrecompiledWeb\localhost_53875\"
		Release.AspNetCompiler.Updateable = "true"
		Release.AspNetCompiler.ForceOverwrite = "true"
		Release.AspNetCompiler.FixedNames = "false"
		Release.AspNetCompiler.Debug = "False"
		VWDPort = "53875"
	EndProjectSection
EndProject
Global
	GlobalSection(SolutionConfigurationPlatforms) = preSolution
		Debug|Any CPU = Debug|Any CPU
		Release|Any CPU = Release|Any CPU
	EndGlobalSection
	GlobalSection(ProjectConfigurationPlatforms) = postSolution
		{8E53EB11-CF44-4CEB-BE19-28E421C512F5}.Debug|Any CPU.ActiveCfg = Debug|Any CPU
		{8E53EB11-CF44-4CEB-BE19-28E421C512F5}.Debug|Any CPU.Build.0 = Debug|Any CPU
		{8E53EB11-CF44-4CEB-BE19-28E421C512F5}.Release|Any CPU.ActiveCfg = Release|Any CPU
		{8E53EB11-CF44-4CEB-BE19-28E421C512F5}.Release|Any CPU.Build.0 = Release|Any CPU
		{22AA017D-3A60-4681-B74D-3FB180D1819D}.Debug|Any CPU.ActiveCfg = Debug|Any CPU
		{22AA017D-3A60-4681-B74D-3FB180D1819D}.Debug|Any CPU.Build.0 = Debug|Any CPU
		{22AA017D-3A60-4681-B74D-3FB180D1819D}.Release|Any CPU.ActiveCfg = Release|Any CPU
		{22AA017D-3A60-4681-B74D-3FB180D1819D}.Release|Any CPU.Build.0 = Release|Any CPU
		{3969401B-3455-4015-98FF-0F1FF00AB2EC}.Debug|Any CPU.ActiveCfg = Debug|Any CPU
		{3969401B-3455-4015-98FF-0F1FF00AB2EC}.Debug|Any CPU.Build.0 = Debug|Any CPU
		{3969401B-3455-4015-98FF-0F1FF00AB2EC}.Release|Any CPU.ActiveCfg = Debug|Any CPU
		{3969401B-3455-4015-98FF-0F1FF00AB2EC}.Release|Any CPU.Build.0 = Debug|Any CPU
	EndGlobalSection
	GlobalSection(SolutionProperties) = preSolution
		HideSolutionNode = FALSE
	EndGlobalSection
	GlobalSection(ExtensibilityGlobals) = postSolution
		SolutionGuid = {AD804F77-9B31-4BCC-9F7E-C9793E89AAFE}
	EndGlobalSection
EndGlobal
